
Microsoft Visual Studio Solution File, Format Version 12.00
# Visual Studio Version 16
VisualStudioVersion = 16.0.31829.152
MinimumVisualStudioVersion = 10.0.40219.1
Project("{FAE04EC0-301F-11D3-BF4B-00C04F79EFBC}") = "Lab16", "Lab16\Lab16.csproj", "{9FC711AF-812B-4BA4-8C30-26A585598DE5}"
EndProject
Global
	GlobalSection(SolutionConfigurationPlatforms) = preSolution
		Debug|Any CPU = Debug|Any CPU
		Release|Any CPU = Release|Any CPU
	EndGlobalSection
	GlobalSection(ProjectConfigurationPlatforms) = postSolution
		{9FC711AF-812B-4BA4-8C30-26A585598DE5}.Debug|Any CPU.ActiveCfg = Debug|Any CPU
		{9FC711AF-812B-4BA4-8C30-26A585598DE5}.Debug|Any CPU.Build.0 = Debug|Any CPU
		{9FC711AF-812B-4BA4-8C30-26A585598DE5}.Release|Any CPU.ActiveCfg = Release|Any CPU
		{9FC711AF-812B-4BA4-8C30-26A585598DE5}.Release|Any CPU.Build.0 = Release|Any CPU
	EndGlobalSection
	GlobalSection(SolutionProperties) = preSolution
		HideSolutionNode = FALSE
	EndGlobalSection
	GlobalSection(ExtensibilityGlobals) = postSolution
		SolutionGuid = {6EE417D8-355F-4A2E-8150-6EF215012021}
	EndGlobalSection
EndGlobal
